Microsoft Visual Studio Solution File, Format Version 12.00
# Visual Studio Version 17
VisualStudioVersion = 17.5.2.0
MinimumVisualStudioVersion = 10.0.40219.1
Project("{FAE04EC0-301F-11D3-BF4B-00C04F79EFBC}") = "AspNetCoreSseServer", "AspNetCoreSseServer.csproj", "{5E6BC011-2AA3-FD93-D2CF-4E9257D6EEDB}"
EndProject
Global
	GlobalSection(SolutionConfigurationPlatforms) = preSolution
		Debug|Any CPU = Debug|Any CPU
		Release|Any CPU = Release|Any CPU
	EndGlobalSection
	GlobalSection(ProjectConfigurationPlatforms) = postSolution
		{5E6BC011-2AA3-FD93-D2CF-4E9257D6EEDB}.Debug|Any CPU.ActiveCfg = Debug|Any CPU
		{5E6BC011-2AA3-FD93-D2CF-4E9257D6EEDB}.Debug|Any CPU.Build.0 = Debug|Any CPU
		{5E6BC011-2AA3-FD93-D2CF-4E9257D6EEDB}.Release|Any CPU.ActiveCfg = Release|Any CPU
		{5E6BC011-2AA3-FD93-D2CF-4E9257D6EEDB}.Release|Any CPU.Build.0 = Release|Any CPU
	EndGlobalSection
	GlobalSection(SolutionProperties) = preSolution
		HideSolutionNode = FALSE
	EndGlobalSection
	GlobalSection(ExtensibilityGlobals) = postSolution
		SolutionGuid = {F1FE114C-D7C5-43C6-9982-148C3A311F83}
	EndGlobalSection
EndGlobal
